{
  "name": "extract-data-native",
  "version": "1.0.0",
  "lockfileVersion": 1,
  "requires": true,
  "dependencies": {
    "@pdulvp/fsh": {
      "version": "1.1.5",
      "resolved": "https://npm.pkg.github.com/download/@pdulvp/fsh/1.1.5/58439fc8d86238c558d085960b1344cf885ae5a0",
      "integrity": "sha512-Ib976xnzDAgRNxlx/oYgx+UQy/U0rnqyFnxDI0SAJNyX+uP3Fqz+GksP1pmiWEnhJxfGe6hffi4txstpFBBNOA=="
    },
    "child_process": {
      "version": "1.0.2",
      "resolved": "https://registry.npmjs.org/child_process/-/child_process-1.0.2.tgz",
      "integrity": "sha512-Wmza/JzL0SiWz7kl6MhIKT5ceIlnFPJX+lwUGj7Clhy5MMldsSoJR0+uvRzOS5Kv45Mq7t1PoE8TsOA9bzvb6g=="
    }
  }
}
